// !$*UTF8*$!
{
	archiveVersion = 1;
	classes = {
	};
	objectVersion = 56;
	objects = {

/* Begin PBXBuildFile section */
		C903ACD82B3950CE0028E9D1 /* CoinDataService.swift in Sources */ = {isa = PBXBuildFile; fileRef = C903ACD72B3950CE0028E9D1 /* CoinDataService.swift */; };
		C903ACDA2B39A43B0028E9D1 /* CoinModel.swift in Sources */ = {isa = PBXBuildFile; fileRef = C903ACD92B39A43B0028E9D1 /* CoinModel.swift */; };
		C932A8AC2B3B29E800533C06 /* CoinAPIError.swift in Sources */ = {isa = PBXBuildFile; fileRef = C932A8AB2B3B29E800533C06 /* CoinAPIError.swift */; };
		C94B21142B25E55E00AA6653 /* NetworkingTutorialApp.swift in Sources */ = {isa = PBXBuildFile; fileRef = C94B21132B25E55E00AA6653 /* NetworkingTutorialApp.swift */; };
		C94B21162B25E55E00AA6653 /* ContentView.swift in Sources */ = {isa = PBXBuildFile; fileRef = C94B21152B25E55E00AA6653 /* ContentView.swift */; };
		C94B21182B25E56000AA6653 /* Assets.xcassets in Resources */ = {isa = PBXBuildFile; fileRef = C94B21172B25E56000AA6653 /* Assets.xcassets */; };
		C94B211B2B25E56000AA6653 /* Preview Assets.xcassets in Resources */ = {isa = PBXBuildFile; fileRef = C94B211A2B25E56000AA6653 /* Preview Assets.xcassets */; };
		C94B21282B25EAEA00AA6653 /* CoinsViewModel.swift in Sources */ = {isa = PBXBuildFile; fileRef = C94B21272B25EAEA00AA6653 /* CoinsViewModel.swift */; };
		C99C6B072B3C800900BA3497 /* CoinDetailsView.swift in Sources */ = {isa = PBXBuildFile; fileRef = C99C6B062B3C800900BA3497 /* CoinDetailsView.swift */; };
		C99C6B0A2B3C87C900BA3497 /* CoinDetailsModel.swift in Sources */ = {isa = PBXBuildFile; fileRef = C99C6B092B3C87C900BA3497 /* CoinDetailsModel.swift */; };
		C99C6B0D2B3C8B4400BA3497 /* CoinDetailsViewModel.swift in Sources */ = {isa = PBXBuildFile; fileRef = C99C6B0C2B3C8B4400BA3497 /* CoinDetailsViewModel.swift */; };
		C9B36B4E2B405B9F001C500E /* CoinDetailsCache.swift in Sources */ = {isa = PBXBuildFile; fileRef = C9B36B4D2B405B9F001C500E /* CoinDetailsCache.swift */; };
		C9B36B502B4094A9001C500E /* MockCoinService.swift in Sources */ = {isa = PBXBuildFile; fileRef = C9B36B4F2B4094A9001C500E /* MockCoinService.swift */; };
		C9CE7FBE2B3E78D10086BAA2 /* HTTPDataDownloader.swift in Sources */ = {isa = PBXBuildFile; fileRef = C9CE7FBD2B3E78D10086BAA2 /* HTTPDataDownloader.swift */; };
/* End PBXBuildFile section */

/* Begin PBXFileReference section */
		C903ACD72B3950CE0028E9D1 /* CoinDataService.swift */ = {isa = PBXFileReference; lastKnownFileType = sourcecode.swift; path = CoinDataService.swift; sourceTree = "<group>"; };
		C903ACD92B39A43B0028E9D1 /* CoinModel.swift */ = {isa = PBXFileReference; lastKnownFileType = sourcecode.swift; path = CoinModel.swift; sourceTree = "<group>"; };
		C932A8AB2B3B29E800533C06 /* CoinAPIError.swift */ = {isa = PBXFileReference; lastKnownFileType = sourcecode.swift; path = CoinAPIError.swift; sourceTree = "<group>"; };
		C94B21102B25E55E00AA6653 /* NetworkingTutorial.app */ = {isa = PBXFileReference; explicitFileType = wrapper.application; includeInIndex = 0; path = NetworkingTutorial.app; sourceTree = BUILT_PRODUCTS_DIR; };
		C94B21132B25E55E00AA6653 /* NetworkingTutorialApp.swift */ = {isa = PBXFileReference; lastKnownFileType = sourcecode.swift; path = NetworkingTutorialApp.swift; sourceTree = "<group>"; };
		C94B21152B25E55E00AA6653 /* ContentView.swift */ = {isa = PBXFileReference; lastKnownFileType = sourcecode.swift; path = ContentView.swift; sourceTree = "<group>"; };
		C94B21172B25E56000AA6653 /* Assets.xcassets */ = {isa = PBXFileReference; lastKnownFileType = folder.assetcatalog; path = Assets.xcassets; sourceTree = "<group>"; };
		C94B211A2B25E56000AA6653 /* Preview Assets.xcassets */ = {isa = PBXFileReference; lastKnownFileType = folder.assetcatalog; path = "Preview Assets.xcassets"; sourceTree = "<group>"; };
		C94B21272B25EAEA00AA6653 /* CoinsViewModel.swift */ = {isa = PBXFileReference; lastKnownFileType = sourcecode.swift; path = CoinsViewModel.swift; sourceTree = "<group>"; };
		C99C6B062B3C800900BA3497 /* CoinDetailsView.swift */ = {isa = PBXFileReference; lastKnownFileType = sourcecode.swift; path = CoinDetailsView.swift; sourceTree = "<group>"; };
		C99C6B092B3C87C900BA3497 /* CoinDetailsModel.swift */ = {isa = PBXFileReference; lastKnownFileType = sourcecode.swift; path = CoinDetailsModel.swift; sourceTree = "<group>"; };
		C99C6B0C2B3C8B4400BA3497 /* CoinDetailsViewModel.swift */ = {isa = PBXFileReference; lastKnownFileType = sourcecode.swift; path = CoinDetailsViewModel.swift; sourceTree = "<group>"; };
		C9B36B4D2B405B9F001C500E /* CoinDetailsCache.swift */ = {isa = PBXFileReference; lastKnownFileType = sourcecode.swift; path = CoinDetailsCache.swift; sourceTree = "<group>"; };
		C9B36B4F2B4094A9001C500E /* MockCoinService.swift */ = {isa = PBXFileReference; lastKnownFileType = sourcecode.swift; path = MockCoinService.swift; sourceTree = "<group>"; };
		C9CE7FBD2B3E78D10086BAA2 /* HTTPDataDownloader.swift */ = {isa = PBXFileReference; lastKnownFileType = sourcecode.swift; path = HTTPDataDownloader.swift; sourceTree = "<group>"; };
/* End PBXFileReference section */

/* Begin PBXFrameworksBuildPhase section */
		C94B210D2B25E55E00AA6653 /* Frameworks */ = {
			isa = PBXFrameworksBuildPhase;
			buildActionMask = 2147483647;
			files = (
			);
			runOnlyForDeploymentPostprocessing = 0;
		};
/* End PBXFrameworksBuildPhase section */

/* Begin PBXGroup section */
		C903ACD62B3950C00028E9D1 /* Service */ = {
			isa = PBXGroup;
			children = (
				C903ACD72B3950CE0028E9D1 /* CoinDataService.swift */,
				C9B36B4F2B4094A9001C500E /* MockCoinService.swift */,
			);
			path = Service;
			sourceTree = "<group>";
		};
		C94B21072B25E55E00AA6653 = {
			isa = PBXGroup;
			children = (
				C94B21122B25E55E00AA6653 /* NetworkingTutorial */,
				C94B21112B25E55E00AA6653 /* Products */,
			);
			sourceTree = "<group>";
		};
		C94B21112B25E55E00AA6653 /* Products */ = {
			isa = PBXGroup;
			children = (
				C94B21102B25E55E00AA6653 /* NetworkingTutorial.app */,
			);
			name = Products;
			sourceTree = "<group>";
		};
		C94B21122B25E55E00AA6653 /* NetworkingTutorial */ = {
			isa = PBXGroup;
			children = (
				C94B21212B25E59C00AA6653 /* App */,
				C94B21222B25E5C800AA6653 /* Core */,
				C9CE7FBB2B3E78B50086BAA2 /* Shared */,
				C94B21172B25E56000AA6653 /* Assets.xcassets */,
				C94B21192B25E56000AA6653 /* Preview Content */,
			);
			path = NetworkingTutorial;
			sourceTree = "<group>";
		};
		C94B21192B25E56000AA6653 /* Preview Content */ = {
			isa = PBXGroup;
			children = (
				C94B211A2B25E56000AA6653 /* Preview Assets.xcassets */,
			);
			path = "Preview Content";
			sourceTree = "<group>";
		};
		C94B21212B25E59C00AA6653 /* App */ = {
			isa = PBXGroup;
			children = (
				C94B21132B25E55E00AA6653 /* NetworkingTutorialApp.swift */,
			);
			path = App;
			sourceTree = "<group>";
		};
		C94B21222B25E5C800AA6653 /* Core */ = {
			isa = PBXGroup;
			children = (
				C94B21232B25E5EC00AA6653 /* All Coins */,
				C99C6B042B3C7FB500BA3497 /* CoinDetails */,
			);
			path = Core;
			sourceTree = "<group>";
		};
		C94B21232B25E5EC00AA6653 /* All Coins */ = {
			isa = PBXGroup;
			children = (
				C94B21262B25E60500AA6653 /* Model */,
				C94B21252B25E60100AA6653 /* View */,
				C94B21242B25E5F400AA6653 /* ViewModel */,
				C903ACD62B3950C00028E9D1 /* Service */,
			);
			path = "All Coins";
			sourceTree = "<group>";
		};
		C94B21242B25E5F400AA6653 /* ViewModel */ = {
			isa = PBXGroup;
			children = (
				C94B21272B25EAEA00AA6653 /* CoinsViewModel.swift */,
			);
			path = ViewModel;
			sourceTree = "<group>";
		};
		C94B21252B25E60100AA6653 /* View */ = {
			isa = PBXGroup;
			children = (
				C94B21152B25E55E00AA6653 /* ContentView.swift */,
			);
			path = View;
			sourceTree = "<group>";
		};
		C94B21262B25E60500AA6653 /* Model */ = {
			isa = PBXGroup;
			children = (
				C903ACD92B39A43B0028E9D1 /* CoinModel.swift */,
				C932A8AB2B3B29E800533C06 /* CoinAPIError.swift */,
			);
			path = Model;
			sourceTree = "<group>";
		};
		C99C6B042B3C7FB500BA3497 /* CoinDetails */ = {
			isa = PBXGroup;
			children = (
				C9B36B4C2B405B8D001C500E /* Cache */,
				C99C6B082B3C87BC00BA3497 /* Model */,
				C99C6B052B3C7FFB00BA3497 /* View */,
				C99C6B0B2B3C8B2500BA3497 /* ViewModel */,
			);
			path = CoinDetails;
			sourceTree = "<group>";
		};
		C99C6B052B3C7FFB00BA3497 /* View */ = {
			isa = PBXGroup;
			children = (
				C99C6B062B3C800900BA3497 /* CoinDetailsView.swift */,
			);
			path = View;
			sourceTree = "<group>";
		};
		C99C6B082B3C87BC00BA3497 /* Model */ = {
			isa = PBXGroup;
			children = (
				C99C6B092B3C87C900BA3497 /* CoinDetailsModel.swift */,
			);
			path = Model;
			sourceTree = "<group>";
		};
		C99C6B0B2B3C8B2500BA3497 /* ViewModel */ = {
			isa = PBXGroup;
			children = (
				C99C6B0C2B3C8B4400BA3497 /* CoinDetailsViewModel.swift */,
			);
			path = ViewModel;
			sourceTree = "<group>";
		};
		C9B36B4C2B405B8D001C500E /* Cache */ = {
			isa = PBXGroup;
			children = (
				C9B36B4D2B405B9F001C500E /* CoinDetailsCache.swift */,
			);
			path = Cache;
			sourceTree = "<group>";
		};
		C9CE7FBB2B3E78B50086BAA2 /* Shared */ = {
			isa = PBXGroup;
			children = (
				C9CE7FBC2B3E78C20086BAA2 /* API */,
			);
			path = Shared;
			sourceTree = "<group>";
		};
		C9CE7FBC2B3E78C20086BAA2 /* API */ = {
			isa = PBXGroup;
			children = (
				C9CE7FBD2B3E78D10086BAA2 /* HTTPDataDownloader.swift */,
			);
			path = API;
			sourceTree = "<group>";
		};
/* End PBXGroup section */

/* Begin PBXNativeTarget section */
		C94B210F2B25E55E00AA6653 /* NetworkingTutorial */ = {
			isa = PBXNativeTarget;
			buildConfigurationList = C94B211E2B25E56000AA6653 /* Build configuration list for PBXNativeTarget "NetworkingTutorial" */;
			buildPhases = (
				C94B210C2B25E55E00AA6653 /* Sources */,
				C94B210D2B25E55E00AA6653 /* Frameworks */,
				C94B210E2B25E55E00AA6653 /* Resources */,
			);
			buildRules = (
			);
			dependencies = (
			);
			name = NetworkingTutorial;
			productName = NetworkingTutorial;
			productReference = C94B21102B25E55E00AA6653 /* NetworkingTutorial.app */;
			productType = "com.apple.product-type.application";
		};
/* End PBXNativeTarget section */

/* Begin PBXProject section */
		C94B21082B25E55E00AA6653 /* Project object */ = {
			isa = PBXProject;
			attributes = {
				BuildIndependentTargetsInParallel = 1;
				LastSwiftUpdateCheck = 1420;
				LastUpgradeCheck = 1510;
				TargetAttributes = {
					C94B210F2B25E55E00AA6653 = {
						CreatedOnToolsVersion = 14.2;
					};
				};
			};
			buildConfigurationList = C94B210B2B25E55E00AA6653 /* Build configuration list for PBXProject "NetworkingTutorial" */;
			compatibilityVersion = "Xcode 14.0";
			developmentRegion = en;
			hasScannedForEncodings = 0;
			knownRegions = (
				en,
				Base,
			);
			mainGroup = C94B21072B25E55E00AA6653;
			productRefGroup = C94B21112B25E55E00AA6653 /* Products */;
			projectDirPath = "";
			projectRoot = "";
			targets = (
				C94B210F2B25E55E00AA6653 /* NetworkingTutorial */,
			);
		};
/* End PBXProject section */

/* Begin PBXResourcesBuildPhase section */
		C94B210E2B25E55E00AA6653 /* Resources */ = {
			isa = PBXResourcesBuildPhase;
			buildActionMask = 2147483647;
			files = (
				C94B211B2B25E56000AA6653 /* Preview Assets.xcassets in Resources */,
				C94B21182B25E56000AA6653 /* Assets.xcassets in Resources */,
			);
			runOnlyForDeploymentPostprocessing = 0;
		};
/* End PBXResourcesBuildPhase section */

/* Begin PBXSourcesBuildPhase section */
		C94B210C2B25E55E00AA6653 /* Sources */ = {
			isa = PBXSourcesBuildPhase;
			buildActionMask = 2147483647;
			files = (
				C9B36B502B4094A9001C500E /* MockCoinService.swift in Sources */,
				C99C6B072B3C800900BA3497 /* CoinDetailsView.swift in Sources */,
				C9B36B4E2B405B9F001C500E /* CoinDetailsCache.swift in Sources */,
				C99C6B0D2B3C8B4400BA3497 /* CoinDetailsViewModel.swift in Sources */,
				C99C6B0A2B3C87C900BA3497 /* CoinDetailsModel.swift in Sources */,
				C932A8AC2B3B29E800533C06 /* CoinAPIError.swift in Sources */,
				C9CE7FBE2B3E78D10086BAA2 /* HTTPDataDownloader.swift in Sources */,
				C903ACDA2B39A43B0028E9D1 /* CoinModel.swift in Sources */,
				C903ACD82B3950CE0028E9D1 /* CoinDataService.swift in Sources */,
				C94B21162B25E55E00AA6653 /* ContentView.swift in Sources */,
				C94B21282B25EAEA00AA6653 /* CoinsViewModel.swift in Sources */,
				C94B21142B25E55E00AA6653 /* NetworkingTutorialApp.swift in Sources */,
			);
			runOnlyForDeploymentPostprocessing = 0;
		};
/* End PBXSourcesBuildPhase section */

/* Begin XCBuildConfiguration section */
		C94B211C2B25E56000AA6653 /* Debug */ = {
			isa = XCBuildConfiguration;
			buildSettings = {
				ALWAYS_SEARCH_USER_PATHS = NO;
				CLANG_ANALYZER_NONNULL = YES;
				CLANG_ANALYZER_NUMBER_OBJECT_CONVERSION = YES_AGGRESSIVE;
				CLANG_CXX_LANGUAGE_STANDARD = "gnu++20";
				CLANG_ENABLE_MODULES = YES;
				CLANG_ENABLE_OBJC_ARC = YES;
				CLANG_ENABLE_OBJC_WEAK = YES;
				CLANG_WARN_BLOCK_CAPTURE_AUTORELEASING = YES;
				CLANG_WARN_BOOL_CONVERSION = YES;
				CLANG_WARN_COMMA = YES;
				CLANG_WARN_CONSTANT_CONVERSION = YES;
				CLANG_WARN_DEPRECATED_OBJC_IMPLEMENTATIONS = YES;
				CLANG_WARN_DIRECT_OBJC_ISA_USAGE = YES_ERROR;
				CLANG_WARN_DOCUMENTATION_COMMENTS = YES;
				CLANG_WARN_EMPTY_BODY = YES;
				CLANG_WARN_ENUM_CONVERSION = YES;
				CLANG_WARN_INFINITE_RECURSION = YES;
				CLANG_WARN_INT_CONVERSION = YES;
				CLANG_WARN_NON_LITERAL_NULL_CONVERSION = YES;
				CLANG_WARN_OBJC_IMPLICIT_RETAIN_SELF = YES;
				CLANG_WARN_OBJC_LITERAL_CONVERSION = YES;
				CLANG_WARN_OBJC_ROOT_CLASS = YES_ERROR;
				CLANG_WARN_QUOTED_INCLUDE_IN_FRAMEWORK_HEADER = YES;
				CLANG_WARN_RANGE_LOOP_ANALYSIS = YES;
				CLANG_WARN_STRICT_PROTOTYPES = YES;
				CLANG_WARN_SUSPICIOUS_MOVE = YES;
				CLANG_WARN_UNGUARDED_AVAILABILITY = YES_AGGRESSIVE;
				CLANG_WARN_UNREACHABLE_CODE = YES;
				CLANG_WARN__DUPLICATE_METHOD_MATCH = YES;
				COPY_PHASE_STRIP = NO;
				DEBUG_INFORMATION_FORMAT = dwarf;
				ENABLE_STRICT_OBJC_MSGSEND = YES;
				ENABLE_TESTABILITY = YES;
				ENABLE_USER_SCRIPT_SANDBOXING = YES;
				GCC_C_LANGUAGE_STANDARD = gnu11;
				GCC_DYNAMIC_NO_PIC = NO;
				GCC_NO_COMMON_BLOCKS = YES;
				GCC_OPTIMIZATION_LEVEL = 0;
				GCC_PREPROCESSOR_DEFINITIONS = (
					"DEBUG=1",
					"$(inherited)",
				);
				GCC_WARN_64_TO_32_BIT_CONVERSION = YES;
				GCC_WARN_ABOUT_RETURN_TYPE = YES_ERROR;
				GCC_WARN_UNDECLARED_SELECTOR = YES;
				GCC_WARN_UNINITIALIZED_AUTOS = YES_AGGRESSIVE;
				GCC_WARN_UNUSED_FUNCTION = YES;
				GCC_WARN_UNUSED_VARIABLE = YES;
				IPHONEOS_DEPLOYMENT_TARGET = 16.2;
				MTL_ENABLE_DEBUG_INFO = INCLUDE_SOURCE;
				MTL_FAST_MATH = YES;
				ONLY_ACTIVE_ARCH = YES;
				SDKROOT = iphoneos;
				SWIFT_ACTIVE_COMPILATION_CONDITIONS = DEBUG;
				SWIFT_OPTIMIZATION_LEVEL = "-Onone";
			};
			name = Debug;
		};
		C94B211D2B25E56000AA6653 /* Release */ = {
			isa = XCBuildConfiguration;
			buildSettings = {
				ALWAYS_SEARCH_USER_PATHS = NO;
				CLANG_ANALYZER_NONNULL = YES;
				CLANG_ANALYZER_NUMBER_OBJECT_CONVERSION = YES_AGGRESSIVE;
				CLANG_CXX_LANGUAGE_STANDARD = "gnu++20";
				CLANG_ENABLE_MODULES = YES;
				CLANG_ENABLE_OBJC_ARC = YES;
				CLANG_ENABLE_OBJC_WEAK = YES;
				CLANG_WARN_BLOCK_CAPTURE_AUTORELEASING = YES;
				CLANG_WARN_BOOL_CONVERSION = YES;
				CLANG_WARN_COMMA = YES;
				CLANG_WARN_CONSTANT_CONVERSION = YES;
				CLANG_WARN_DEPRECATED_OBJC_IMPLEMENTATIONS = YES;
				CLANG_WARN_DIRECT_OBJC_ISA_USAGE = YES_ERROR;
				CLANG_WARN_DOCUMENTATION_COMMENTS = YES;
				CLANG_WARN_EMPTY_BODY = YES;
				CLANG_WARN_ENUM_CONVERSION = YES;
				CLANG_WARN_INFINITE_RECURSION = YES;
				CLANG_WARN_INT_CONVERSION = YES;
				CLANG_WARN_NON_LITERAL_NULL_CONVERSION = YES;
				CLANG_WARN_OBJC_IMPLICIT_RETAIN_SELF = YES;
				CLANG_WARN_OBJC_LITERAL_CONVERSION = YES;
				CLANG_WARN_OBJC_ROOT_CLASS = YES_ERROR;
				CLANG_WARN_QUOTED_INCLUDE_IN_FRAMEWORK_HEADER = YES;
				CLANG_WARN_RANGE_LOOP_ANALYSIS = YES;
				CLANG_WARN_STRICT_PROTOTYPES = YES;
				CLANG_WARN_SUSPICIOUS_MOVE = YES;
				CLANG_WARN_UNGUARDED_AVAILABILITY = YES_AGGRESSIVE;
				CLANG_WARN_UNREACHABLE_CODE = YES;
				CLANG_WARN__DUPLICATE_METHOD_MATCH = YES;
				COPY_PHASE_STRIP = NO;
				DEBUG_INFORMATION_FORMAT = "dwarf-with-dsym";
				ENABLE_NS_ASSERTIONS = NO;
				ENABLE_STRICT_OBJC_MSGSEND = YES;
				ENABLE_USER_SCRIPT_SANDBOXING = YES;
				GCC_C_LANGUAGE_STANDARD = gnu11;
				GCC_NO_COMMON_BLOCKS = YES;
				GCC_WARN_64_TO_32_BIT_CONVERSION = YES;
				GCC_WARN_ABOUT_RETURN_TYPE = YES_ERROR;
				GCC_WARN_UNDECLARED_SELECTOR = YES;
				GCC_WARN_UNINITIALIZED_AUTOS = YES_AGGRESSIVE;
				GCC_WARN_UNUSED_FUNCTION = YES;
				GCC_WARN_UNUSED_VARIABLE = YES;
				IPHONEOS_DEPLOYMENT_TARGET = 16.2;
				MTL_ENABLE_DEBUG_INFO = NO;
				MTL_FAST_MATH = YES;
				SDKROOT = iphoneos;
				SWIFT_COMPILATION_MODE = wholemodule;
				SWIFT_OPTIMIZATION_LEVEL = "-O";
				VALIDATE_PRODUCT = YES;
			};
			name = Release;
		};
		C94B211F2B25E56000AA6653 /* Debug */ = {
			isa = XCBuildConfiguration;
			buildSettings = {
				ASSETCATALOG_COMPILER_APPICON_NAME = AppIcon;
				ASSETCATALOG_COMPILER_GLOBAL_ACCENT_COLOR_NAME = AccentColor;
				CODE_SIGN_STYLE = Automatic;
				CURRENT_PROJECT_VERSION = 1;
				DEVELOPMENT_ASSET_PATHS = "\"NetworkingTutorial/Preview Content\"";
				ENABLE_PREVIEWS = YES;
				GENERATE_INFOPLIST_FILE = YES;
				INFOPLIST_KEY_UIApplicationSceneManifest_Generation = YES;
				INFOPLIST_KEY_UIApplicationSupportsIndirectInputEvents = YES;
				INFOPLIST_KEY_UILaunchScreen_Generation = YES;
				INFOPLIST_KEY_UISupportedInterfaceOrientations_iPad = "UIInterfaceOrientationPortrait UIInterfaceOrientationPortraitUpsideDown UIInterfaceOrientationLandscapeLeft UIInterfaceOrientationLandscapeRight";
				INFOPLIST_KEY_UISupportedInterfaceOrientations_iPhone = "UIInterfaceOrientationPortrait UIInterfaceOrientationLandscapeLeft UIInterfaceOrientationLandscapeRight";
				LD_RUNPATH_SEARCH_PATHS = (
					"$(inherited)",
					"@executable_path/Frameworks",
				);
				MARKETING_VERSION = 1.0;
				PRODUCT_BUNDLE_IDENTIFIER = com.quoteGenerator.NetworkingTutorial;
				PRODUCT_NAME = "$(TARGET_NAME)";
				SWIFT_EMIT_LOC_STRINGS = YES;
				SWIFT_VERSION = 5.0;
				TARGETED_DEVICE_FAMILY = "1,2";
			};
			name = Debug;
		};
		C94B21202B25E56000AA6653 /* Release */ = {
			isa = XCBuildConfiguration;
			buildSettings = {
				ASSETCATALOG_COMPILER_APPICON_NAME = AppIcon;
				ASSETCATALOG_COMPILER_GLOBAL_ACCENT_COLOR_NAME = AccentColor;
				CODE_SIGN_STYLE = Automatic;
				CURRENT_PROJECT_VERSION = 1;
				DEVELOPMENT_ASSET_PATHS = "\"NetworkingTutorial/Preview Content\"";
				ENABLE_PREVIEWS = YES;
				GENERATE_INFOPLIST_FILE = YES;
				INFOPLIST_KEY_UIApplicationSceneManifest_Generation = YES;
				INFOPLIST_KEY_UIApplicationSupportsIndirectInputEvents = YES;
				INFOPLIST_KEY_UILaunchScreen_Generation = YES;
				INFOPLIST_KEY_UISupportedInterfaceOrientations_iPad = "UIInterfaceOrientationPortrait UIInterfaceOrientationPortraitUpsideDown UIInterfaceOrientationLandscapeLeft UIInterfaceOrientationLandscapeRight";
				INFOPLIST_KEY_UISupportedInterfaceOrientations_iPhone = "UIInterfaceOrientationPortrait UIInterfaceOrientationLandscapeLeft UIInterfaceOrientationLandscapeRight";
				LD_RUNPATH_SEARCH_PATHS = (
					"$(inherited)",
					"@executable_path/Frameworks",
				);
				MARKETING_VERSION = 1.0;
				PRODUCT_BUNDLE_IDENTIFIER = com.quoteGenerator.NetworkingTutorial;
				PRODUCT_NAME = "$(TARGET_NAME)";
				SWIFT_EMIT_LOC_STRINGS = YES;
				SWIFT_VERSION = 5.0;
				TARGETED_DEVICE_FAMILY = "1,2";
			};
			name = Release;
		};
/* End XCBuildConfiguration section */

/* Begin XCConfigurationList section */
		C94B210B2B25E55E00AA6653 /* Build configuration list for PBXProject "NetworkingTutorial" */ = {
			isa = XCConfigurationList;
			buildConfigurations = (
				C94B211C2B25E56000AA6653 /* Debug */,
				C94B211D2B25E56000AA6653 /* Release */,
			);
			defaultConfigurationIsVisible = 0;
			defaultConfigurationName = Release;
		};
		C94B211E2B25E56000AA6653 /* Build configuration list for PBXNativeTarget "NetworkingTutorial" */ = {
			isa = XCConfigurationList;
			buildConfigurations = (
				C94B211F2B25E56000AA6653 /* Debug */,
				C94B21202B25E56000AA6653 /* Release */,
			);
			defaultConfigurationIsVisible = 0;
			defaultConfigurationName = Release;
		};
/* End XCConfigurationList section */
	};
	rootObject = C94B21082B25E55E00AA6653 /* Project object */;
}
